
Microsoft Visual Studio Solution File, Format Version 12.00
# Visual Studio 14
VisualStudioVersion = 14.0.24720.0
MinimumVisualStudioVersion = 10.0.40219.1
Project("{FAE04EC0-301F-11D3-BF4B-00C04F79EFBC}") = "TamingEE.Web", "TamingEE.Web\TamingEE.Web.csproj", "{01A57451-7ED7-41CB-AA75-4537D63A0180}"
EndProject
Project("{FAE04EC0-301F-11D3-BF4B-00C04F79EFBC}") = "TamingEE.Cms.Custom", "TamingEE.Cms.Custom\TamingEE.Cms.Custom.csproj", "{1C1B28AA-5707-490B-90DB-9EA6A22B2826}"
EndProject
Global
	GlobalSection(SolutionConfigurationPlatforms) = preSolution
		Debug|Any CPU = Debug|Any CPU
		Release|Any CPU = Release|Any CPU
	EndGlobalSection
	GlobalSection(ProjectConfigurationPlatforms) = postSolution
		{01A57451-7ED7-41CB-AA75-4537D63A0180}.Debug|Any CPU.ActiveCfg = Debug|Any CPU
		{01A57451-7ED7-41CB-AA75-4537D63A0180}.Debug|Any CPU.Build.0 = Debug|Any CPU
		{01A57451-7ED7-41CB-AA75-4537D63A0180}.Release|Any CPU.ActiveCfg = Release|Any CPU
		{01A57451-7ED7-41CB-AA75-4537D63A0180}.Release|Any CPU.Build.0 = Release|Any CPU
		{1C1B28AA-5707-490B-90DB-9EA6A22B2826}.Debug|Any CPU.ActiveCfg = Debug|Any CPU
		{1C1B28AA-5707-490B-90DB-9EA6A22B2826}.Debug|Any CPU.Build.0 = Debug|Any CPU
		{1C1B28AA-5707-490B-90DB-9EA6A22B2826}.Release|Any CPU.ActiveCfg = Release|Any CPU
		{1C1B28AA-5707-490B-90DB-9EA6A22B2826}.Release|Any CPU.Build.0 = Release|Any CPU
	EndGlobalSection
	GlobalSection(SolutionProperties) = preSolution
		HideSolutionNode = FALSE
	EndGlobalSection
EndGlobal
